
Microsoft Visual Studio Solution File, Format Version 12.00
# Visual Studio Version 17
VisualStudioVersion = 17.5.002.0
MinimumVisualStudioVersion = 10.0.40219.1
Project("{9A19103F-16F7-4668-BE54-9A1E7A4F7556}") = "backend", "backend\backend.csproj", "{9B221F51-5F86-496C-AE41-0AA8D22B3A06}"
EndProject
Global
	GlobalSection(SolutionConfigurationPlatforms) = preSolution
		Debug|Any CPU = Debug|Any CPU
		Release|Any CPU = Release|Any CPU
	EndGlobalSection
	GlobalSection(ProjectConfigurationPlatforms) = postSolution
		{9B221F51-5F86-496C-AE41-0AA8D22B3A06}.Debug|Any CPU.ActiveCfg = Debug|Any CPU
		{9B221F51-5F86-496C-AE41-0AA8D22B3A06}.Debug|Any CPU.Build.0 = Debug|Any CPU
		{9B221F51-5F86-496C-AE41-0AA8D22B3A06}.Release|Any CPU.ActiveCfg = Release|Any CPU
		{9B221F51-5F86-496C-AE41-0AA8D22B3A06}.Release|Any CPU.Build.0 = Release|Any CPU
	EndGlobalSection
	GlobalSection(SolutionProperties) = preSolution
		HideSolutionNode = FALSE
	EndGlobalSection
	GlobalSection(ExtensibilityGlobals) = postSolution
		SolutionGuid = {EFF8B4A6-F77A-4609-BB53-B58CFF05858A}
	EndGlobalSection
EndGlobal
